
Microsoft Visual Studio Solution File, Format Version 12.00
# Visual Studio Version 17
VisualStudioVersion = 17.0.31903.59
MinimumVisualStudioVersion = 10.0.40219.1
Project("{FAE04EC0-301F-11D3-BF4B-00C04F79EFBC}") = "calculator", "calculator\calculator.csproj", "{B41FE080-5CEA-4457-B5A9-D6B05DD52F8F}"
EndProject
Project("{FAE04EC0-301F-11D3-BF4B-00C04F79EFBC}") = "calculator.tests", "calculator.tests\calculator.tests.csproj", "{268985FC-3AF6-47EB-8A40-BDF4BF8F8AD3}"
EndProject
Global
	GlobalSection(SolutionConfigurationPlatforms) = preSolution
		Debug|Any CPU = Debug|Any CPU
		Release|Any CPU = Release|Any CPU
	EndGlobalSection
	GlobalSection(SolutionProperties) = preSolution
		HideSolutionNode = FALSE
	EndGlobalSection
	GlobalSection(ProjectConfigurationPlatforms) = postSolution
		{B41FE080-5CEA-4457-B5A9-D6B05DD52F8F}.Debug|Any CPU.ActiveCfg = Debug|Any CPU
		{B41FE080-5CEA-4457-B5A9-D6B05DD52F8F}.Debug|Any CPU.Build.0 = Debug|Any CPU
		{B41FE080-5CEA-4457-B5A9-D6B05DD52F8F}.Release|Any CPU.ActiveCfg = Release|Any CPU
		{B41FE080-5CEA-4457-B5A9-D6B05DD52F8F}.Release|Any CPU.Build.0 = Release|Any CPU
		{268985FC-3AF6-47EB-8A40-BDF4BF8F8AD3}.Debug|Any CPU.ActiveCfg = Debug|Any CPU
		{268985FC-3AF6-47EB-8A40-BDF4BF8F8AD3}.Debug|Any CPU.Build.0 = Debug|Any CPU
		{268985FC-3AF6-47EB-8A40-BDF4BF8F8AD3}.Release|Any CPU.ActiveCfg = Release|Any CPU
		{268985FC-3AF6-47EB-8A40-BDF4BF8F8AD3}.Release|Any CPU.Build.0 = Release|Any CPU
	EndGlobalSection
EndGlobal
